// !$*UTF8*$!
{
	archiveVersion = 1;
	classes = {
	};
	objectVersion = 46;
	objects = {

/* Begin PBXBuildFile section */
		6E86CE201D03194900610663 /* AppDelegate.swift in Sources */ = {isa = PBXBuildFile; fileRef = 6E86CE1F1D03194900610663 /* AppDelegate.swift */; };
		6E86CE221D03194900610663 /* ViewController.swift in Sources */ = {isa = PBXBuildFile; fileRef = 6E86CE211D03194900610663 /* ViewController.swift */; };
		6E86CE251D03194900610663 /* Main.storyboard in Resources */ = {isa = PBXBuildFile; fileRef = 6E86CE231D03194900610663 /* Main.storyboard */; };
		6E86CE271D03194A00610663 /* Assets.xcassets in Resources */ = {isa = PBXBuildFile; fileRef = 6E86CE261D03194A00610663 /* Assets.xcassets */; };
		6E86CE2A1D03194A00610663 /* LaunchScreen.storyboard in Resources */ = {isa = PBXBuildFile; fileRef = 6E86CE281D03194A00610663 /* LaunchScreen.storyboard */; };
		6E86CE351D03194C00610663 /* ViewFrameBoundsIndicatorTests.swift in Sources */ = {isa = PBXBuildFile; fileRef = 6E86CE341D03194C00610663 /* ViewFrameBoundsIndicatorTests.swift */; };
		6E86CE401D03194C00610663 /* ViewFrameBoundsIndicatorUITests.swift in Sources */ = {isa = PBXBuildFile; fileRef = 6E86CE3F1D03194C00610663 /* ViewFrameBoundsIndicatorUITests.swift */; };
		6E86CE521D0C058800610663 /* C789_unitoikuramaguro_TP_V.jpg in Resources */ = {isa = PBXBuildFile; fileRef = 6E86CE511D0C058800610663 /* C789_unitoikuramaguro_TP_V.jpg */; };
/* End PBXBuildFile section */

/* Begin PBXContainerItemProxy section */
		6E86CE311D03194C00610663 /* PBXContainerItemProxy */ = {
			isa = PBXContainerItemProxy;
			containerPortal = 6E86CE141D03194700610663 /* Project object */;
			proxyType = 1;
			remoteGlobalIDString = 6E86CE1B1D03194700610663;
			remoteInfo = ViewFrameBoundsIndicator;
		};
		6E86CE3C1D03194C00610663 /* PBXContainerItemProxy */ = {
			isa = PBXContainerItemProxy;
			containerPortal = 6E86CE141D03194700610663 /* Project object */;
			proxyType = 1;
			remoteGlobalIDString = 6E86CE1B1D03194700610663;
			remoteInfo = ViewFrameBoundsIndicator;
		};
/* End PBXContainerItemProxy section */

/* Begin PBXFileReference section */
		6E86CE1C1D03194800610663 /* ViewFrameBoundsIndicator.app */ = {isa = PBXFileReference; explicitFileType = wrapper.application; includeInIndex = 0; path = ViewFrameBoundsIndicator.app; sourceTree = BUILT_PRODUCTS_DIR; };
		6E86CE1F1D03194900610663 /* AppDelegate.swift */ = {isa = PBXFileReference; lastKnownFileType = sourcecode.swift; path = AppDelegate.swift; sourceTree = "<group>"; };
		6E86CE211D03194900610663 /* ViewController.swift */ = {isa = PBXFileReference; lastKnownFileType = sourcecode.swift; path = ViewController.swift; sourceTree = "<group>"; };
		6E86CE241D03194900610663 /* Base */ = {isa = PBXFileReference; lastKnownFileType = file.storyboard; name = Base; path = Base.lproj/Main.storyboard; sourceTree = "<group>"; };
		6E86CE261D03194A00610663 /* Assets.xcassets */ = {isa = PBXFileReference; lastKnownFileType = folder.assetcatalog; path = Assets.xcassets; sourceTree = "<group>"; };
		6E86CE291D03194A00610663 /* Base */ = {isa = PBXFileReference; lastKnownFileType = file.storyboard; name = Base; path = Base.lproj/LaunchScreen.storyboard; sourceTree = "<group>"; };
		6E86CE2B1D03194A00610663 /* Info.plist */ = {isa = PBXFileReference; lastKnownFileType = text.plist.xml; path = Info.plist; sourceTree = "<group>"; };
		6E86CE301D03194C00610663 /* ViewFrameBoundsIndicatorTests.xctest */ = {isa = PBXFileReference; explicitFileType = wrapper.cfbundle; includeInIndex = 0; path = ViewFrameBoundsIndicatorTests.xctest; sourceTree = BUILT_PRODUCTS_DIR; };
		6E86CE341D03194C00610663 /* ViewFrameBoundsIndicatorTests.swift */ = {isa = PBXFileReference; lastKnownFileType = sourcecode.swift; path = ViewFrameBoundsIndicatorTests.swift; sourceTree = "<group>"; };
		6E86CE361D03194C00610663 /* Info.plist */ = {isa = PBXFileReference; lastKnownFileType = text.plist.xml; path = Info.plist; sourceTree = "<group>"; };
		6E86CE3B1D03194C00610663 /* ViewFrameBoundsIndicatorUITests.xctest */ = {isa = PBXFileReference; explicitFileType = wrapper.cfbundle; includeInIndex = 0; path = ViewFrameBoundsIndicatorUITests.xctest; sourceTree = BUILT_PRODUCTS_DIR; };
		6E86CE3F1D03194C00610663 /* ViewFrameBoundsIndicatorUITests.swift */ = {isa = PBXFileReference; lastKnownFileType = sourcecode.swift; path = ViewFrameBoundsIndicatorUITests.swift; sourceTree = "<group>"; };
		6E86CE411D03194C00610663 /* Info.plist */ = {isa = PBXFileReference; lastKnownFileType = text.plist.xml; path = Info.plist; sourceTree = "<group>"; };
		6E86CE511D0C058800610663 /* C789_unitoikuramaguro_TP_V.jpg */ = {isa = PBXFileReference; lastKnownFileType = image.jpeg; path = C789_unitoikuramaguro_TP_V.jpg; sourceTree = "<group>"; };
/* End PBXFileReference section */

/* Begin PBXFrameworksBuildPhase section */
		6E86CE191D03194700610663 /* Frameworks */ = {
			isa = PBXFrameworksBuildPhase;
			buildActionMask = 2147483647;
			files = (
			);
			runOnlyForDeploymentPostprocessing = 0;
		};
		6E86CE2D1D03194C00610663 /* Frameworks */ = {
			isa = PBXFrameworksBuildPhase;
			buildActionMask = 2147483647;
			files = (
			);
			runOnlyForDeploymentPostprocessing = 0;
		};
		6E86CE381D03194C00610663 /* Frameworks */ = {
			isa = PBXFrameworksBuildPhase;
			buildActionMask = 2147483647;
			files = (
			);
			runOnlyForDeploymentPostprocessing = 0;
		};
/* End PBXFrameworksBuildPhase section */

/* Begin PBXGroup section */
		6E86CE131D03194700610663 = {
			isa = PBXGroup;
			children = (
				6E86CE1E1D03194900610663 /* ViewFrameBoundsIndicator */,
				6E86CE331D03194C00610663 /* ViewFrameBoundsIndicatorTests */,
				6E86CE3E1D03194C00610663 /* ViewFrameBoundsIndicatorUITests */,
				6E86CE1D1D03194800610663 /* Products */,
			);
			sourceTree = "<group>";
		};
		6E86CE1D1D03194800610663 /* Products */ = {
			isa = PBXGroup;
			children = (
				6E86CE1C1D03194800610663 /* ViewFrameBoundsIndicator.app */,
				6E86CE301D03194C00610663 /* ViewFrameBoundsIndicatorTests.xctest */,
				6E86CE3B1D03194C00610663 /* ViewFrameBoundsIndicatorUITests.xctest */,
			);
			name = Products;
			sourceTree = "<group>";
		};
		6E86CE1E1D03194900610663 /* ViewFrameBoundsIndicator */ = {
			isa = PBXGroup;
			children = (
				6E86CE511D0C058800610663 /* C789_unitoikuramaguro_TP_V.jpg */,
				6E86CE1F1D03194900610663 /* AppDelegate.swift */,
				6E86CE211D03194900610663 /* ViewController.swift */,
				6E86CE231D03194900610663 /* Main.storyboard */,
				6E86CE261D03194A00610663 /* Assets.xcassets */,
				6E86CE281D03194A00610663 /* LaunchScreen.storyboard */,
				6E86CE2B1D03194A00610663 /* Info.plist */,
			);
			path = ViewFrameBoundsIndicator;
			sourceTree = "<group>";
		};
		6E86CE331D03194C00610663 /* ViewFrameBoundsIndicatorTests */ = {
			isa = PBXGroup;
			children = (
				6E86CE341D03194C00610663 /* ViewFrameBoundsIndicatorTests.swift */,
				6E86CE361D03194C00610663 /* Info.plist */,
			);
			path = ViewFrameBoundsIndicatorTests;
			sourceTree = "<group>";
		};
		6E86CE3E1D03194C00610663 /* ViewFrameBoundsIndicatorUITests */ = {
			isa = PBXGroup;
			children = (
				6E86CE3F1D03194C00610663 /* ViewFrameBoundsIndicatorUITests.swift */,
				6E86CE411D03194C00610663 /* Info.plist */,
			);
			path = ViewFrameBoundsIndicatorUITests;
			sourceTree = "<group>";
		};
/* End PBXGroup section */

/* Begin PBXNativeTarget section */
		6E86CE1B1D03194700610663 /* ViewFrameBoundsIndicator */ = {
			isa = PBXNativeTarget;
			buildConfigurationList = 6E86CE441D03194C00610663 /* Build configuration list for PBXNativeTarget "ViewFrameBoundsIndicator" */;
			buildPhases = (
				6E86CE181D03194700610663 /* Sources */,
				6E86CE191D03194700610663 /* Frameworks */,
				6E86CE1A1D03194700610663 /* Resources */,
			);
			buildRules = (
			);
			dependencies = (
			);
			name = ViewFrameBoundsIndicator;
			productName = ViewFrameBoundsIndicator;
			productReference = 6E86CE1C1D03194800610663 /* ViewFrameBoundsIndicator.app */;
			productType = "com.apple.product-type.application";
		};
		6E86CE2F1D03194C00610663 /* ViewFrameBoundsIndicatorTests */ = {
			isa = PBXNativeTarget;
			buildConfigurationList = 6E86CE471D03194C00610663 /* Build configuration list for PBXNativeTarget "ViewFrameBoundsIndicatorTests" */;
			buildPhases = (
				6E86CE2C1D03194C00610663 /* Sources */,
				6E86CE2D1D03194C00610663 /* Frameworks */,
				6E86CE2E1D03194C00610663 /* Resources */,
			);
			buildRules = (
			);
			dependencies = (
				6E86CE321D03194C00610663 /* PBXTargetDependency */,
			);
			name = ViewFrameBoundsIndicatorTests;
			productName = ViewFrameBoundsIndicatorTests;
			productReference = 6E86CE301D03194C00610663 /* ViewFrameBoundsIndicatorTests.xctest */;
			productType = "com.apple.product-type.bundle.unit-test";
		};
		6E86CE3A1D03194C00610663 /* ViewFrameBoundsIndicatorUITests */ = {
			isa = PBXNativeTarget;
			buildConfigurationList = 6E86CE4A1D03194C00610663 /* Build configuration list for PBXNativeTarget "ViewFrameBoundsIndicatorUITests" */;
			buildPhases = (
				6E86CE371D03194C00610663 /* Sources */,
				6E86CE381D03194C00610663 /* Frameworks */,
				6E86CE391D03194C00610663 /* Resources */,
			);
			buildRules = (
			);
			dependencies = (
				6E86CE3D1D03194C00610663 /* PBXTargetDependency */,
			);
			name = ViewFrameBoundsIndicatorUITests;
			productName = ViewFrameBoundsIndicatorUITests;
			productReference = 6E86CE3B1D03194C00610663 /* ViewFrameBoundsIndicatorUITests.xctest */;
			productType = "com.apple.product-type.bundle.ui-testing";
		};
/* End PBXNativeTarget section */

/* Begin PBXProject section */
		6E86CE141D03194700610663 /* Project object */ = {
			isa = PBXProject;
			attributes = {
				LastSwiftUpdateCheck = 0730;
				LastUpgradeCheck = 0730;
				ORGANIZATIONNAME = "Naoyuki Takura";
				TargetAttributes = {
					6E86CE1B1D03194700610663 = {
						CreatedOnToolsVersion = 7.3.1;
					};
					6E86CE2F1D03194C00610663 = {
						CreatedOnToolsVersion = 7.3.1;
						TestTargetID = 6E86CE1B1D03194700610663;
					};
					6E86CE3A1D03194C00610663 = {
						CreatedOnToolsVersion = 7.3.1;
						TestTargetID = 6E86CE1B1D03194700610663;
					};
				};
			};
			buildConfigurationList = 6E86CE171D03194700610663 /* Build configuration list for PBXProject "ViewFrameBoundsIndicator" */;
			compatibilityVersion = "Xcode 3.2";
			developmentRegion = English;
			hasScannedForEncodings = 0;
			knownRegions = (
				en,
				Base,
			);
			mainGroup = 6E86CE131D03194700610663;
			productRefGroup = 6E86CE1D1D03194800610663 /* Products */;
			projectDirPath = "";
			projectRoot = "";
			targets = (
				6E86CE1B1D03194700610663 /* ViewFrameBoundsIndicator */,
				6E86CE2F1D03194C00610663 /* ViewFrameBoundsIndicatorTests */,
				6E86CE3A1D03194C00610663 /* ViewFrameBoundsIndicatorUITests */,
			);
		};
/* End PBXProject section */

/* Begin PBXResourcesBuildPhase section */
		6E86CE1A1D03194700610663 /* Resources */ = {
			isa = PBXResourcesBuildPhase;
			buildActionMask = 2147483647;
			files = (
				6E86CE2A1D03194A00610663 /* LaunchScreen.storyboard in Resources */,
				6E86CE271D03194A00610663 /* Assets.xcassets in Resources */,
				6E86CE251D03194900610663 /* Main.storyboard in Resources */,
				6E86CE521D0C058800610663 /* C789_unitoikuramaguro_TP_V.jpg in Resources */,
			);
			runOnlyForDeploymentPostprocessing = 0;
		};
		6E86CE2E1D03194C00610663 /* Resources */ = {
			isa = PBXResourcesBuildPhase;
			buildActionMask = 2147483647;
			files = (
			);
			runOnlyForDeploymentPostprocessing = 0;
		};
		6E86CE391D03194C00610663 /* Resources */ = {
			isa = PBXResourcesBuildPhase;
			buildActionMask = 2147483647;
			files = (
			);
			runOnlyForDeploymentPostprocessing = 0;
		};
/* End PBXResourcesBuildPhase section */

/* Begin PBXSourcesBuildPhase section */
		6E86CE181D03194700610663 /* Sources */ = {
			isa = PBXSourcesBuildPhase;
			buildActionMask = 2147483647;
			files = (
				6E86CE221D03194900610663 /* ViewController.swift in Sources */,
				6E86CE201D03194900610663 /* AppDelegate.swift in Sources */,
			);
			runOnlyForDeploymentPostprocessing = 0;
		};
		6E86CE2C1D03194C00610663 /* Sources */ = {
			isa = PBXSourcesBuildPhase;
			buildActionMask = 2147483647;
			files = (
				6E86CE351D03194C00610663 /* ViewFrameBoundsIndicatorTests.swift in Sources */,
			);
			runOnlyForDeploymentPostprocessing = 0;
		};
		6E86CE371D03194C00610663 /* Sources */ = {
			isa = PBXSourcesBuildPhase;
			buildActionMask = 2147483647;
			files = (
				6E86CE401D03194C00610663 /* ViewFrameBoundsIndicatorUITests.swift in Sources */,
			);
			runOnlyForDeploymentPostprocessing = 0;
		};
/* End PBXSourcesBuildPhase section */

/* Begin PBXTargetDependency section */
		6E86CE321D03194C00610663 /* PBXTargetDependency */ = {
			isa = PBXTargetDependency;
			target = 6E86CE1B1D03194700610663 /* ViewFrameBoundsIndicator */;
			targetProxy = 6E86CE311D03194C00610663 /* PBXContainerItemProxy */;
		};
		6E86CE3D1D03194C00610663 /* PBXTargetDependency */ = {
			isa = PBXTargetDependency;
			target = 6E86CE1B1D03194700610663 /* ViewFrameBoundsIndicator */;
			targetProxy = 6E86CE3C1D03194C00610663 /* PBXContainerItemProxy */;
		};
/* End PBXTargetDependency section */

/* Begin PBXVariantGroup section */
		6E86CE231D03194900610663 /* Main.storyboard */ = {
			isa = PBXVariantGroup;
			children = (
				6E86CE241D03194900610663 /* Base */,
			);
			name = Main.storyboard;
			sourceTree = "<group>";
		};
		6E86CE281D03194A00610663 /* LaunchScreen.storyboard */ = {
			isa = PBXVariantGroup;
			children = (
				6E86CE291D03194A00610663 /* Base */,
			);
			name = LaunchScreen.storyboard;
			sourceTree = "<group>";
		};
/* End PBXVariantGroup section */

/* Begin XCBuildConfiguration section */
		6E86CE421D03194C00610663 /* Debug */ = {
			isa = XCBuildConfiguration;
			buildSettings = {
				ALWAYS_SEARCH_USER_PATHS = NO;
				CLANG_ANALYZER_NONNULL = YES;
				CLANG_CXX_LANGUAGE_STANDARD = "gnu++0x";
				CLANG_CXX_LIBRARY = "libc++";
				CLANG_ENABLE_MODULES = YES;
				CLANG_ENABLE_OBJC_ARC = YES;
				CLANG_WARN_BOOL_CONVERSION = YES;
				CLANG_WARN_CONSTANT_CONVERSION = YES;
				CLANG_WARN_DIRECT_OBJC_ISA_USAGE = YES_ERROR;
				CLANG_WARN_EMPTY_BODY = YES;
				CLANG_WARN_ENUM_CONVERSION = YES;
				CLANG_WARN_INT_CONVERSION = YES;
				CLANG_WARN_OBJC_ROOT_CLASS = YES_ERROR;
				CLANG_WARN_UNREACHABLE_CODE = YES;
				CLANG_WARN__DUPLICATE_METHOD_MATCH = YES;
				"CODE_SIGN_IDENTITY[sdk=iphoneos*]" = "iPhone Developer";
				COPY_PHASE_STRIP = NO;
				DEBUG_INFORMATION_FORMAT = dwarf;
				ENABLE_STRICT_OBJC_MSGSEND = YES;
				ENABLE_TESTABILITY = YES;
				GCC_C_LANGUAGE_STANDARD = gnu99;
				GCC_DYNAMIC_NO_PIC = NO;
				GCC_NO_COMMON_BLOCKS = YES;
				GCC_OPTIMIZATION_LEVEL = 0;
				GCC_PREPROCESSOR_DEFINITIONS = (
					"DEBUG=1",
					"$(inherited)",
				);
				GCC_WARN_64_TO_32_BIT_CONVERSION = YES;
				GCC_WARN_ABOUT_RETURN_TYPE = YES_ERROR;
				GCC_WARN_UNDECLARED_SELECTOR = YES;
				GCC_WARN_UNINITIALIZED_AUTOS = YES_AGGRESSIVE;
				GCC_WARN_UNUSED_FUNCTION = YES;
				GCC_WARN_UNUSED_VARIABLE = YES;
				IPHONEOS_DEPLOYMENT_TARGET = 9.3;
				MTL_ENABLE_DEBUG_INFO = YES;
				ONLY_ACTIVE_ARCH = YES;
				SDKROOT = iphoneos;
				SWIFT_OPTIMIZATION_LEVEL = "-Onone";
			};
			name = Debug;
		};
		6E86CE431D03194C00610663 /* Release */ = {
			isa = XCBuildConfiguration;
			buildSettings = {
				ALWAYS_SEARCH_USER_PATHS = NO;
				CLANG_ANALYZER_NONNULL = YES;
				CLANG_CXX_LANGUAGE_STANDARD = "gnu++0x";
				CLANG_CXX_LIBRARY = "libc++";
				CLANG_ENABLE_MODULES = YES;
				CLANG_ENABLE_OBJC_ARC = YES;
				CLANG_WARN_BOOL_CONVERSION = YES;
				CLANG_WARN_CONSTANT_CONVERSION = YES;
				CLANG_WARN_DIRECT_OBJC_ISA_USAGE = YES_ERROR;
				CLANG_WARN_EMPTY_BODY = YES;
				CLANG_WARN_ENUM_CONVERSION = YES;
				CLANG_WARN_INT_CONVERSION = YES;
				CLANG_WARN_OBJC_ROOT_CLASS = YES_ERROR;
				CLANG_WARN_UNREACHABLE_CODE = YES;
				CLANG_WARN__DUPLICATE_METHOD_MATCH = YES;
				"CODE_SIGN_IDENTITY[sdk=iphoneos*]" = "iPhone Developer";
				COPY_PHASE_STRIP = NO;
				DEBUG_INFORMATION_FORMAT = "dwarf-with-dsym";
				ENABLE_NS_ASSERTIONS = NO;
				ENABLE_STRICT_OBJC_MSGSEND = YES;
				GCC_C_LANGUAGE_STANDARD = gnu99;
				GCC_NO_COMMON_BLOCKS = YES;
				GCC_WARN_64_TO_32_BIT_CONVERSION = YES;
				GCC_WARN_ABOUT_RETURN_TYPE = YES_ERROR;
				GCC_WARN_UNDECLARED_SELECTOR = YES;
				GCC_WARN_UNINITIALIZED_AUTOS = YES_AGGRESSIVE;
				GCC_WARN_UNUSED_FUNCTION = YES;
				GCC_WARN_UNUSED_VARIABLE = YES;
				IPHONEOS_DEPLOYMENT_TARGET = 9.3;
				MTL_ENABLE_DEBUG_INFO = NO;
				SDKROOT = iphoneos;
				VALIDATE_PRODUCT = YES;
			};
			name = Release;
		};
		6E86CE451D03194C00610663 /* Debug */ = {
			isa = XCBuildConfiguration;
			buildSettings = {
				ASSETCATALOG_COMPILER_APPICON_NAME = AppIcon;
				INFOPLIST_FILE = ViewFrameBoundsIndicator/Info.plist;
				LD_RUNPATH_SEARCH_PATHS = "$(inherited) @executable_path/Frameworks";
				PRODUCT_BUNDLE_IDENTIFIER = naoyuki.ViewFrameBoundsIndicator;
				PRODUCT_NAME = "$(TARGET_NAME)";
			};
			name = Debug;
		};
		6E86CE461D03194C00610663 /* Release */ = {
			isa = XCBuildConfiguration;
			buildSettings = {
				ASSETCATALOG_COMPILER_APPICON_NAME = AppIcon;
				INFOPLIST_FILE = ViewFrameBoundsIndicator/Info.plist;
				LD_RUNPATH_SEARCH_PATHS = "$(inherited) @executable_path/Frameworks";
				PRODUCT_BUNDLE_IDENTIFIER = naoyuki.ViewFrameBoundsIndicator;
				PRODUCT_NAME = "$(TARGET_NAME)";
			};
			name = Release;
		};
		6E86CE481D03194C00610663 /* Debug */ = {
			isa = XCBuildConfiguration;
			buildSettings = {
				BUNDLE_LOADER = "$(TEST_HOST)";
				INFOPLIST_FILE = ViewFrameBoundsIndicatorTests/Info.plist;
				LD_RUNPATH_SEARCH_PATHS = "$(inherited) @executable_path/Frameworks @loader_path/Frameworks";
				PRODUCT_BUNDLE_IDENTIFIER = naoyuki.ViewFrameBoundsIndicatorTests;
				PRODUCT_NAME = "$(TARGET_NAME)";
				TEST_HOST = "$(BUILT_PRODUCTS_DIR)/ViewFrameBoundsIndicator.app/ViewFrameBoundsIndicator";
			};
			name = Debug;
		};
		6E86CE491D03194C00610663 /* Release */ = {
			isa = XCBuildConfiguration;
			buildSettings = {
				BUNDLE_LOADER = "$(TEST_HOST)";
				INFOPLIST_FILE = ViewFrameBoundsIndicatorTests/Info.plist;
				LD_RUNPATH_SEARCH_PATHS = "$(inherited) @executable_path/Frameworks @loader_path/Frameworks";
				PRODUCT_BUNDLE_IDENTIFIER = naoyuki.ViewFrameBoundsIndicatorTests;
				PRODUCT_NAME = "$(TARGET_NAME)";
				TEST_HOST = "$(BUILT_PRODUCTS_DIR)/ViewFrameBoundsIndicator.app/ViewFrameBoundsIndicator";
			};
			name = Release;
		};
		6E86CE4B1D03194C00610663 /* Debug */ = {
			isa = XCBuildConfiguration;
			buildSettings = {
				INFOPLIST_FILE = ViewFrameBoundsIndicatorUITests/Info.plist;
				LD_RUNPATH_SEARCH_PATHS = "$(inherited) @executable_path/Frameworks @loader_path/Frameworks";
				PRODUCT_BUNDLE_IDENTIFIER = naoyuki.ViewFrameBoundsIndicatorUITests;
				PRODUCT_NAME = "$(TARGET_NAME)";
				TEST_TARGET_NAME = ViewFrameBoundsIndicator;
			};
			name = Debug;
		};
		6E86CE4C1D03194C00610663 /* Release */ = {
			isa = XCBuildConfiguration;
			buildSettings = {
				INFOPLIST_FILE = ViewFrameBoundsIndicatorUITests/Info.plist;
				LD_RUNPATH_SEARCH_PATHS = "$(inherited) @executable_path/Frameworks @loader_path/Frameworks";
				PRODUCT_BUNDLE_IDENTIFIER = naoyuki.ViewFrameBoundsIndicatorUITests;
				PRODUCT_NAME = "$(TARGET_NAME)";
				TEST_TARGET_NAME = ViewFrameBoundsIndicator;
			};
			name = Release;
		};
/* End XCBuildConfiguration section */

/* Begin XCConfigurationList section */
		6E86CE171D03194700610663 /* Build configuration list for PBXProject "ViewFrameBoundsIndicator" */ = {
			isa = XCConfigurationList;
			buildConfigurations = (
				6E86CE421D03194C00610663 /* Debug */,
				6E86CE431D03194C00610663 /* Release */,
			);
			defaultConfigurationIsVisible = 0;
			defaultConfigurationName = Release;
		};
		6E86CE441D03194C00610663 /* Build configuration list for PBXNativeTarget "ViewFrameBoundsIndicator" */ = {
			isa = XCConfigurationList;
			buildConfigurations = (
				6E86CE451D03194C00610663 /* Debug */,
				6E86CE461D03194C00610663 /* Release */,
			);
			defaultConfigurationIsVisible = 0;
		};
		6E86CE471D03194C00610663 /* Build configuration list for PBXNativeTarget "ViewFrameBoundsIndicatorTests" */ = {
			isa = XCConfigurationList;
			buildConfigurations = (
				6E86CE481D03194C00610663 /* Debug */,
				6E86CE491D03194C00610663 /* Release */,
			);
			defaultConfigurationIsVisible = 0;
		};
		6E86CE4A1D03194C00610663 /* Build configuration list for PBXNativeTarget "ViewFrameBoundsIndicatorUITests" */ = {
			isa = XCConfigurationList;
			buildConfigurations = (
				6E86CE4B1D03194C00610663 /* Debug */,
				6E86CE4C1D03194C00610663 /* Release */,
			);
			defaultConfigurationIsVisible = 0;
		};
/* End XCConfigurationList section */
	};
	rootObject = 6E86CE141D03194700610663 /* Project object */;
}
